
Microsoft Visual Studio Solution File, Format Version 12.00
# Visual Studio 15
VisualStudioVersion = 15.0.26228.4
MinimumVisualStudioVersion = 10.0.40219.1
Project("{9A19103F-16F7-4668-BE54-9A1E7A4F7556}") = "MabWeb", "src\MabWeb\MabWeb.csproj", "{CDD75157-070B-433C-BB38-1D5FE28E046B}"
EndProject
Global
	GlobalSection(SolutionConfigurationPlatforms) = preSolution
		Debug|Any CPU = Debug|Any CPU
		Release|Any CPU = Release|Any CPU
	EndGlobalSection
	GlobalSection(ProjectConfigurationPlatforms) = postSolution
		{CDD75157-070B-433C-BB38-1D5FE28E046B}.Debug|Any CPU.ActiveCfg = Debug|Any CPU
		{CDD75157-070B-433C-BB38-1D5FE28E046B}.Debug|Any CPU.Build.0 = Debug|Any CPU
		{CDD75157-070B-433C-BB38-1D5FE28E046B}.Release|Any CPU.ActiveCfg = Release|Any CPU
		{CDD75157-070B-433C-BB38-1D5FE28E046B}.Release|Any CPU.Build.0 = Release|Any CPU
	EndGlobalSection
	GlobalSection(SolutionProperties) = preSolution
		HideSolutionNode = FALSE
	EndGlobalSection
EndGlobal
